lockfileVersion: '9.0'

settings:
  autoInstallPeers: true
  excludeLinksFromLockfile: false

importers:

  .:
    devDependencies:
      '@std/yaml':
        specifier: jsr:^1.0.11
        version: '@jsr/std__yaml@1.0.11'

packages:

  '@jsr/std__yaml@1.0.11':
    resolution: {integrity: sha512-uSVzU72mlSkYU2Gxm2ECUoVrd6cY1n7krZ8l75QWwyGuasP1LKyLvEO3veVujKwOwthLQD7oBQvPpYNwYzt15A==, tarball: https://npm.jsr.io/~/11/@jsr/std__yaml/1.0.11.tgz}

snapshots:

  '@jsr/std__yaml@1.0.11': {}
