lockfileVersion: '9.0'

settings:
  autoInstallPeers: true
  excludeLinksFromLockfile: false

importers:

  .:
    devDependencies:
      '@std/yaml':
        specifier: npm:@jsr/std__yaml@^1.0.5
        version: '@jsr/std__yaml@1.0.5'

packages:

  '@jsr/std__yaml@1.0.5':
    resolution: {integrity: sha512-jbh2xwnja+ar+7NE0oDTlbST1WW29dAQOKX8+1DZgdT54NVt9lZ9YVDrzh4uP1w6ZHVirtY0z99BSym0v+Zh4Q==, tarball: https://npm.jsr.io/~/11/@jsr/std__yaml/1.0.5.tgz}

snapshots:

  '@jsr/std__yaml@1.0.5': {}
